// !$*UTF8*$!
{
	archiveVersion = 1;
	classes = {
	};
	objectVersion = 56;
	objects = {

/* Begin PBXBuildFile section */
		52B4BDF02B1BECBD002AE4F8 /* AppDelegate.swift in Sources */ = {isa = PBXBuildFile; fileRef = 52B4BDEF2B1BECBD002AE4F8 /* AppDelegate.swift */; };
		52B4BDF22B1BECBD002AE4F8 /* SceneDelegate.swift in Sources */ = {isa = PBXBuildFile; fileRef = 52B4BDF12B1BECBD002AE4F8 /* SceneDelegate.swift */; };
		52B4BDF42B1BECBD002AE4F8 /* ViewController.swift in Sources */ = {isa = PBXBuildFile; fileRef = 52B4BDF32B1BECBD002AE4F8 /* ViewController.swift */; };
		52B4BDF72B1BECBD002AE4F8 /* Main.storyboard in Resources */ = {isa = PBXBuildFile; fileRef = 52B4BDF52B1BECBD002AE4F8 /* Main.storyboard */; };
		52B4BDF92B1BECBE002AE4F8 /* Assets.xcassets in Resources */ = {isa = PBXBuildFile; fileRef = 52B4BDF82B1BECBE002AE4F8 /* Assets.xcassets */; };
		52B4BDFC2B1BECBE002AE4F8 /* LaunchScreen.storyboard in Resources */ = {isa = PBXBuildFile; fileRef = 52B4BDFA2B1BECBE002AE4F8 /* LaunchScreen.storyboard */; };
		52B4BE072B1BECBE002AE4F8 /* HouseTests.swift in Sources */ = {isa = PBXBuildFile; fileRef = 52B4BE062B1BECBE002AE4F8 /* HouseTests.swift */; };
		52B4BE112B1BECBE002AE4F8 /* MockExamplesUITests.swift in Sources */ = {isa = PBXBuildFile; fileRef = 52B4BE102B1BECBE002AE4F8 /* MockExamplesUITests.swift */; };
		52B4BE132B1BECBE002AE4F8 /* MockExamplesUITestsLaunchTests.swift in Sources */ = {isa = PBXBuildFile; fileRef = 52B4BE122B1BECBE002AE4F8 /* MockExamplesUITestsLaunchTests.swift */; };
		52B4BE212B1BED07002AE4F8 /* HouseAndBuyer.swift in Sources */ = {isa = PBXBuildFile; fileRef = 52B4BE202B1BED07002AE4F8 /* HouseAndBuyer.swift */; };
		52B4BE232B1BF213002AE4F8 /* PowerMonitor.swift in Sources */ = {isa = PBXBuildFile; fileRef = 52B4BE222B1BF213002AE4F8 /* PowerMonitor.swift */; };
		52B4BE252B1BF296002AE4F8 /* PowerMonitorTests.swift in Sources */ = {isa = PBXBuildFile; fileRef = 52B4BE242B1BF296002AE4F8 /* PowerMonitorTests.swift */; };
		52B4BE292B1BF826002AE4F8 /* StoreAndUser.swift in Sources */ = {isa = PBXBuildFile; fileRef = 52B4BE282B1BF826002AE4F8 /* StoreAndUser.swift */; };
		52B4BE2C2B1BFC90002AE4F8 /* StoreAndUserTests.swift in Sources */ = {isa = PBXBuildFile; fileRef = 52B4BE2B2B1BFC90002AE4F8 /* StoreAndUserTests.swift */; };
		52B4BE2F2B1C09E9002AE4F8 /* News.swift in Sources */ = {isa = PBXBuildFile; fileRef = 52B4BE2E2B1C09E9002AE4F8 /* News.swift */; };
		52B4BE322B1C2AB1002AE4F8 /* NewsTests.swift in Sources */ = {isa = PBXBuildFile; fileRef = 52B4BE312B1C2AB1002AE4F8 /* NewsTests.swift */; };
/* End PBXBuildFile section */

/* Begin PBXContainerItemProxy section */
		52B4BE032B1BECBE002AE4F8 /* PBXContainerItemProxy */ = {
			isa = PBXContainerItemProxy;
			containerPortal = 52B4BDE42B1BECBD002AE4F8 /* Project object */;
			proxyType = 1;
			remoteGlobalIDString = 52B4BDEB2B1BECBD002AE4F8;
			remoteInfo = MockExamples;
		};
		52B4BE0D2B1BECBE002AE4F8 /* PBXContainerItemProxy */ = {
			isa = PBXContainerItemProxy;
			containerPortal = 52B4BDE42B1BECBD002AE4F8 /* Project object */;
			proxyType = 1;
			remoteGlobalIDString = 52B4BDEB2B1BECBD002AE4F8;
			remoteInfo = MockExamples;
		};
/* End PBXContainerItemProxy section */

/* Begin PBXFileReference section */
		52B4BDEC2B1BECBD002AE4F8 /* MockExamples.app */ = {isa = PBXFileReference; explicitFileType = wrapper.application; includeInIndex = 0; path = MockExamples.app; sourceTree = BUILT_PRODUCTS_DIR; };
		52B4BDEF2B1BECBD002AE4F8 /* AppDelegate.swift */ = {isa = PBXFileReference; lastKnownFileType = sourcecode.swift; path = AppDelegate.swift; sourceTree = "<group>"; };
		52B4BDF12B1BECBD002AE4F8 /* SceneDelegate.swift */ = {isa = PBXFileReference; lastKnownFileType = sourcecode.swift; path = SceneDelegate.swift; sourceTree = "<group>"; };
		52B4BDF32B1BECBD002AE4F8 /* ViewController.swift */ = {isa = PBXFileReference; lastKnownFileType = sourcecode.swift; path = ViewController.swift; sourceTree = "<group>"; };
		52B4BDF62B1BECBD002AE4F8 /* Base */ = {isa = PBXFileReference; lastKnownFileType = file.storyboard; name = Base; path = Base.lproj/Main.storyboard; sourceTree = "<group>"; };
		52B4BDF82B1BECBE002AE4F8 /* Assets.xcassets */ = {isa = PBXFileReference; lastKnownFileType = folder.assetcatalog; path = Assets.xcassets; sourceTree = "<group>"; };
		52B4BDFB2B1BECBE002AE4F8 /* Base */ = {isa = PBXFileReference; lastKnownFileType = file.storyboard; name = Base; path = Base.lproj/LaunchScreen.storyboard; sourceTree = "<group>"; };
		52B4BDFD2B1BECBE002AE4F8 /* Info.plist */ = {isa = PBXFileReference; lastKnownFileType = text.plist.xml; path = Info.plist; sourceTree = "<group>"; };
		52B4BE022B1BECBE002AE4F8 /* MockExamplesTests.xctest */ = {isa = PBXFileReference; explicitFileType = wrapper.cfbundle; includeInIndex = 0; path = MockExamplesTests.xctest; sourceTree = BUILT_PRODUCTS_DIR; };
		52B4BE062B1BECBE002AE4F8 /* HouseTests.swift */ = {isa = PBXFileReference; lastKnownFileType = sourcecode.swift; path = HouseTests.swift; sourceTree = "<group>"; };
		52B4BE0C2B1BECBE002AE4F8 /* MockExamplesUITests.xctest */ = {isa = PBXFileReference; explicitFileType = wrapper.cfbundle; includeInIndex = 0; path = MockExamplesUITests.xctest; sourceTree = BUILT_PRODUCTS_DIR; };
		52B4BE102B1BECBE002AE4F8 /* MockExamplesUITests.swift */ = {isa = PBXFileReference; lastKnownFileType = sourcecode.swift; path = MockExamplesUITests.swift; sourceTree = "<group>"; };
		52B4BE122B1BECBE002AE4F8 /* MockExamplesUITestsLaunchTests.swift */ = {isa = PBXFileReference; lastKnownFileType = sourcecode.swift; path = MockExamplesUITestsLaunchTests.swift; sourceTree = "<group>"; };
		52B4BE202B1BED07002AE4F8 /* HouseAndBuyer.swift */ = {isa = PBXFileReference; lastKnownFileType = sourcecode.swift; path = HouseAndBuyer.swift; sourceTree = "<group>"; };
		52B4BE222B1BF213002AE4F8 /* PowerMonitor.swift */ = {isa = PBXFileReference; lastKnownFileType = sourcecode.swift; path = PowerMonitor.swift; sourceTree = "<group>"; };
		52B4BE242B1BF296002AE4F8 /* PowerMonitorTests.swift */ = {isa = PBXFileReference; lastKnownFileType = sourcecode.swift; path = PowerMonitorTests.swift; sourceTree = "<group>"; };
		52B4BE282B1BF826002AE4F8 /* StoreAndUser.swift */ = {isa = PBXFileReference; lastKnownFileType = sourcecode.swift; path = StoreAndUser.swift; sourceTree = "<group>"; };
		52B4BE2B2B1BFC90002AE4F8 /* StoreAndUserTests.swift */ = {isa = PBXFileReference; lastKnownFileType = sourcecode.swift; path = StoreAndUserTests.swift; sourceTree = "<group>"; };
		52B4BE2E2B1C09E9002AE4F8 /* News.swift */ = {isa = PBXFileReference; lastKnownFileType = sourcecode.swift; path = News.swift; sourceTree = "<group>"; };
		52B4BE312B1C2AB1002AE4F8 /* NewsTests.swift */ = {isa = PBXFileReference; lastKnownFileType = sourcecode.swift; path = NewsTests.swift; sourceTree = "<group>"; };
/* End PBXFileReference section */

/* Begin PBXFrameworksBuildPhase section */
		52B4BDE92B1BECBD002AE4F8 /* Frameworks */ = {
			isa = PBXFrameworksBuildPhase;
			buildActionMask = 2147483647;
			files = (
			);
			runOnlyForDeploymentPostprocessing = 0;
		};
		52B4BDFF2B1BECBE002AE4F8 /* Frameworks */ = {
			isa = PBXFrameworksBuildPhase;
			buildActionMask = 2147483647;
			files = (
			);
			runOnlyForDeploymentPostprocessing = 0;
		};
		52B4BE092B1BECBE002AE4F8 /* Frameworks */ = {
			isa = PBXFrameworksBuildPhase;
			buildActionMask = 2147483647;
			files = (
			);
			runOnlyForDeploymentPostprocessing = 0;
		};
/* End PBXFrameworksBuildPhase section */

/* Begin PBXGroup section */
		52B4BDE32B1BECBD002AE4F8 = {
			isa = PBXGroup;
			children = (
				52B4BDEE2B1BECBD002AE4F8 /* MockExamples */,
				52B4BE052B1BECBE002AE4F8 /* MockExamplesTests */,
				52B4BE0F2B1BECBE002AE4F8 /* MockExamplesUITests */,
				52B4BDED2B1BECBD002AE4F8 /* Products */,
			);
			sourceTree = "<group>";
		};
		52B4BDED2B1BECBD002AE4F8 /* Products */ = {
			isa = PBXGroup;
			children = (
				52B4BDEC2B1BECBD002AE4F8 /* MockExamples.app */,
				52B4BE022B1BECBE002AE4F8 /* MockExamplesTests.xctest */,
				52B4BE0C2B1BECBE002AE4F8 /* MockExamplesUITests.xctest */,
			);
			name = Products;
			sourceTree = "<group>";
		};
		52B4BDEE2B1BECBD002AE4F8 /* MockExamples */ = {
			isa = PBXGroup;
			children = (
				52B4BE1F2B1BECCF002AE4F8 /* App */,
				52B4BE202B1BED07002AE4F8 /* HouseAndBuyer.swift */,
				52B4BE302B1C09EE002AE4F8 /* MockingNetwork */,
				52B4BE2A2B1BF82C002AE4F8 /* MockingPreconditionsAndAssertions */,
				52B4BE262B1BF29B002AE4F8 /* PartialMocks */,
			);
			path = MockExamples;
			sourceTree = "<group>";
		};
		52B4BE052B1BECBE002AE4F8 /* MockExamplesTests */ = {
			isa = PBXGroup;
			children = (
				52B4BE062B1BECBE002AE4F8 /* HouseTests.swift */,
				52B4BE332B1C2AB4002AE4F8 /* MockingNetworkTests */,
				52B4BE272B1BF2AB002AE4F8 /* PartialMocks */,
				52B4BE2D2B1BFC96002AE4F8 /* MockingPreconditionsAndAssertions */,
			);
			path = MockExamplesTests;
			sourceTree = "<group>";
		};
		52B4BE0F2B1BECBE002AE4F8 /* MockExamplesUITests */ = {
			isa = PBXGroup;
			children = (
				52B4BE102B1BECBE002AE4F8 /* MockExamplesUITests.swift */,
				52B4BE122B1BECBE002AE4F8 /* MockExamplesUITestsLaunchTests.swift */,
			);
			path = MockExamplesUITests;
			sourceTree = "<group>";
		};
		52B4BE1F2B1BECCF002AE4F8 /* App */ = {
			isa = PBXGroup;
			children = (
				52B4BDEF2B1BECBD002AE4F8 /* AppDelegate.swift */,
				52B4BDF12B1BECBD002AE4F8 /* SceneDelegate.swift */,
				52B4BDF32B1BECBD002AE4F8 /* ViewController.swift */,
				52B4BDF52B1BECBD002AE4F8 /* Main.storyboard */,
				52B4BDF82B1BECBE002AE4F8 /* Assets.xcassets */,
				52B4BDFA2B1BECBE002AE4F8 /* LaunchScreen.storyboard */,
				52B4BDFD2B1BECBE002AE4F8 /* Info.plist */,
			);
			path = App;
			sourceTree = "<group>";
		};
		52B4BE262B1BF29B002AE4F8 /* PartialMocks */ = {
			isa = PBXGroup;
			children = (
				52B4BE222B1BF213002AE4F8 /* PowerMonitor.swift */,
			);
			path = PartialMocks;
			sourceTree = "<group>";
		};
		52B4BE272B1BF2AB002AE4F8 /* PartialMocks */ = {
			isa = PBXGroup;
			children = (
				52B4BE242B1BF296002AE4F8 /* PowerMonitorTests.swift */,
			);
			path = PartialMocks;
			sourceTree = "<group>";
		};
		52B4BE2A2B1BF82C002AE4F8 /* MockingPreconditionsAndAssertions */ = {
			isa = PBXGroup;
			children = (
				52B4BE282B1BF826002AE4F8 /* StoreAndUser.swift */,
			);
			path = MockingPreconditionsAndAssertions;
			sourceTree = "<group>";
		};
		52B4BE2D2B1BFC96002AE4F8 /* MockingPreconditionsAndAssertions */ = {
			isa = PBXGroup;
			children = (
				52B4BE2B2B1BFC90002AE4F8 /* StoreAndUserTests.swift */,
			);
			path = MockingPreconditionsAndAssertions;
			sourceTree = "<group>";
		};
		52B4BE302B1C09EE002AE4F8 /* MockingNetwork */ = {
			isa = PBXGroup;
			children = (
				52B4BE2E2B1C09E9002AE4F8 /* News.swift */,
			);
			path = MockingNetwork;
			sourceTree = "<group>";
		};
		52B4BE332B1C2AB4002AE4F8 /* MockingNetworkTests */ = {
			isa = PBXGroup;
			children = (
				52B4BE312B1C2AB1002AE4F8 /* NewsTests.swift */,
			);
			path = MockingNetworkTests;
			sourceTree = "<group>";
		};
/* End PBXGroup section */

/* Begin PBXNativeTarget section */
		52B4BDEB2B1BECBD002AE4F8 /* MockExamples */ = {
			isa = PBXNativeTarget;
			buildConfigurationList = 52B4BE162B1BECBE002AE4F8 /* Build configuration list for PBXNativeTarget "MockExamples" */;
			buildPhases = (
				52B4BDE82B1BECBD002AE4F8 /* Sources */,
				52B4BDE92B1BECBD002AE4F8 /* Frameworks */,
				52B4BDEA2B1BECBD002AE4F8 /* Resources */,
			);
			buildRules = (
			);
			dependencies = (
			);
			name = MockExamples;
			productName = MockExamples;
			productReference = 52B4BDEC2B1BECBD002AE4F8 /* MockExamples.app */;
			productType = "com.apple.product-type.application";
		};
		52B4BE012B1BECBE002AE4F8 /* MockExamplesTests */ = {
			isa = PBXNativeTarget;
			buildConfigurationList = 52B4BE192B1BECBE002AE4F8 /* Build configuration list for PBXNativeTarget "MockExamplesTests" */;
			buildPhases = (
				52B4BDFE2B1BECBE002AE4F8 /* Sources */,
				52B4BDFF2B1BECBE002AE4F8 /* Frameworks */,
				52B4BE002B1BECBE002AE4F8 /* Resources */,
			);
			buildRules = (
			);
			dependencies = (
				52B4BE042B1BECBE002AE4F8 /* PBXTargetDependency */,
			);
			name = MockExamplesTests;
			productName = MockExamplesTests;
			productReference = 52B4BE022B1BECBE002AE4F8 /* MockExamplesTests.xctest */;
			productType = "com.apple.product-type.bundle.unit-test";
		};
		52B4BE0B2B1BECBE002AE4F8 /* MockExamplesUITests */ = {
			isa = PBXNativeTarget;
			buildConfigurationList = 52B4BE1C2B1BECBE002AE4F8 /* Build configuration list for PBXNativeTarget "MockExamplesUITests" */;
			buildPhases = (
				52B4BE082B1BECBE002AE4F8 /* Sources */,
				52B4BE092B1BECBE002AE4F8 /* Frameworks */,
				52B4BE0A2B1BECBE002AE4F8 /* Resources */,
			);
			buildRules = (
			);
			dependencies = (
				52B4BE0E2B1BECBE002AE4F8 /* PBXTargetDependency */,
			);
			name = MockExamplesUITests;
			productName = MockExamplesUITests;
			productReference = 52B4BE0C2B1BECBE002AE4F8 /* MockExamplesUITests.xctest */;
			productType = "com.apple.product-type.bundle.ui-testing";
		};
/* End PBXNativeTarget section */

/* Begin PBXProject section */
		52B4BDE42B1BECBD002AE4F8 /* Project object */ = {
			isa = PBXProject;
			attributes = {
				BuildIndependentTargetsInParallel = 1;
				LastSwiftUpdateCheck = 1500;
				LastUpgradeCheck = 1500;
				TargetAttributes = {
					52B4BDEB2B1BECBD002AE4F8 = {
						CreatedOnToolsVersion = 15.0.1;
					};
					52B4BE012B1BECBE002AE4F8 = {
						CreatedOnToolsVersion = 15.0.1;
						TestTargetID = 52B4BDEB2B1BECBD002AE4F8;
					};
					52B4BE0B2B1BECBE002AE4F8 = {
						CreatedOnToolsVersion = 15.0.1;
						TestTargetID = 52B4BDEB2B1BECBD002AE4F8;
					};
				};
			};
			buildConfigurationList = 52B4BDE72B1BECBD002AE4F8 /* Build configuration list for PBXProject "MockExamples" */;
			compatibilityVersion = "Xcode 14.0";
			developmentRegion = en;
			hasScannedForEncodings = 0;
			knownRegions = (
				en,
				Base,
			);
			mainGroup = 52B4BDE32B1BECBD002AE4F8;
			productRefGroup = 52B4BDED2B1BECBD002AE4F8 /* Products */;
			projectDirPath = "";
			projectRoot = "";
			targets = (
				52B4BDEB2B1BECBD002AE4F8 /* MockExamples */,
				52B4BE012B1BECBE002AE4F8 /* MockExamplesTests */,
				52B4BE0B2B1BECBE002AE4F8 /* MockExamplesUITests */,
			);
		};
/* End PBXProject section */

/* Begin PBXResourcesBuildPhase section */
		52B4BDEA2B1BECBD002AE4F8 /* Resources */ = {
			isa = PBXResourcesBuildPhase;
			buildActionMask = 2147483647;
			files = (
				52B4BDFC2B1BECBE002AE4F8 /* LaunchScreen.storyboard in Resources */,
				52B4BDF92B1BECBE002AE4F8 /* Assets.xcassets in Resources */,
				52B4BDF72B1BECBD002AE4F8 /* Main.storyboard in Resources */,
			);
			runOnlyForDeploymentPostprocessing = 0;
		};
		52B4BE002B1BECBE002AE4F8 /* Resources */ = {
			isa = PBXResourcesBuildPhase;
			buildActionMask = 2147483647;
			files = (
			);
			runOnlyForDeploymentPostprocessing = 0;
		};
		52B4BE0A2B1BECBE002AE4F8 /* Resources */ = {
			isa = PBXResourcesBuildPhase;
			buildActionMask = 2147483647;
			files = (
			);
			runOnlyForDeploymentPostprocessing = 0;
		};
/* End PBXResourcesBuildPhase section */

/* Begin PBXSourcesBuildPhase section */
		52B4BDE82B1BECBD002AE4F8 /* Sources */ = {
			isa = PBXSourcesBuildPhase;
			buildActionMask = 2147483647;
			files = (
				52B4BE212B1BED07002AE4F8 /* HouseAndBuyer.swift in Sources */,
				52B4BDF42B1BECBD002AE4F8 /* ViewController.swift in Sources */,
				52B4BE292B1BF826002AE4F8 /* StoreAndUser.swift in Sources */,
				52B4BE232B1BF213002AE4F8 /* PowerMonitor.swift in Sources */,
				52B4BE2F2B1C09E9002AE4F8 /* News.swift in Sources */,
				52B4BDF02B1BECBD002AE4F8 /* AppDelegate.swift in Sources */,
				52B4BDF22B1BECBD002AE4F8 /* SceneDelegate.swift in Sources */,
			);
			runOnlyForDeploymentPostprocessing = 0;
		};
		52B4BDFE2B1BECBE002AE4F8 /* Sources */ = {
			isa = PBXSourcesBuildPhase;
			buildActionMask = 2147483647;
			files = (
				52B4BE2C2B1BFC90002AE4F8 /* StoreAndUserTests.swift in Sources */,
				52B4BE252B1BF296002AE4F8 /* PowerMonitorTests.swift in Sources */,
				52B4BE322B1C2AB1002AE4F8 /* NewsTests.swift in Sources */,
				52B4BE072B1BECBE002AE4F8 /* HouseTests.swift in Sources */,
			);
			runOnlyForDeploymentPostprocessing = 0;
		};
		52B4BE082B1BECBE002AE4F8 /* Sources */ = {
			isa = PBXSourcesBuildPhase;
			buildActionMask = 2147483647;
			files = (
				52B4BE112B1BECBE002AE4F8 /* MockExamplesUITests.swift in Sources */,
				52B4BE132B1BECBE002AE4F8 /* MockExamplesUITestsLaunchTests.swift in Sources */,
			);
			runOnlyForDeploymentPostprocessing = 0;
		};
/* End PBXSourcesBuildPhase section */

/* Begin PBXTargetDependency section */
		52B4BE042B1BECBE002AE4F8 /* PBXTargetDependency */ = {
			isa = PBXTargetDependency;
			target = 52B4BDEB2B1BECBD002AE4F8 /* MockExamples */;
			targetProxy = 52B4BE032B1BECBE002AE4F8 /* PBXContainerItemProxy */;
		};
		52B4BE0E2B1BECBE002AE4F8 /* PBXTargetDependency */ = {
			isa = PBXTargetDependency;
			target = 52B4BDEB2B1BECBD002AE4F8 /* MockExamples */;
			targetProxy = 52B4BE0D2B1BECBE002AE4F8 /* PBXContainerItemProxy */;
		};
/* End PBXTargetDependency section */

/* Begin PBXVariantGroup section */
		52B4BDF52B1BECBD002AE4F8 /* Main.storyboard */ = {
			isa = PBXVariantGroup;
			children = (
				52B4BDF62B1BECBD002AE4F8 /* Base */,
			);
			name = Main.storyboard;
			sourceTree = "<group>";
		};
		52B4BDFA2B1BECBE002AE4F8 /* LaunchScreen.storyboard */ = {
			isa = PBXVariantGroup;
			children = (
				52B4BDFB2B1BECBE002AE4F8 /* Base */,
			);
			name = LaunchScreen.storyboard;
			sourceTree = "<group>";
		};
/* End PBXVariantGroup section */

/* Begin XCBuildConfiguration section */
		52B4BE142B1BECBE002AE4F8 /* Debug */ = {
			isa = XCBuildConfiguration;
			buildSettings = {
				ALWAYS_SEARCH_USER_PATHS = NO;
				ASSETCATALOG_COMPILER_GENERATE_SWIFT_ASSET_SYMBOL_EXTENSIONS = YES;
				CLANG_ANALYZER_NONNULL = YES;
				CLANG_ANALYZER_NUMBER_OBJECT_CONVERSION = YES_AGGRESSIVE;
				CLANG_CXX_LANGUAGE_STANDARD = "gnu++20";
				CLANG_ENABLE_MODULES = YES;
				CLANG_ENABLE_OBJC_ARC = YES;
				CLANG_ENABLE_OBJC_WEAK = YES;
				CLANG_WARN_BLOCK_CAPTURE_AUTORELEASING = YES;
				CLANG_WARN_BOOL_CONVERSION = YES;
				CLANG_WARN_COMMA = YES;
				CLANG_WARN_CONSTANT_CONVERSION = YES;
				CLANG_WARN_DEPRECATED_OBJC_IMPLEMENTATIONS = YES;
				CLANG_WARN_DIRECT_OBJC_ISA_USAGE = YES_ERROR;
				CLANG_WARN_DOCUMENTATION_COMMENTS = YES;
				CLANG_WARN_EMPTY_BODY = YES;
				CLANG_WARN_ENUM_CONVERSION = YES;
				CLANG_WARN_INFINITE_RECURSION = YES;
				CLANG_WARN_INT_CONVERSION = YES;
				CLANG_WARN_NON_LITERAL_NULL_CONVERSION = YES;
				CLANG_WARN_OBJC_IMPLICIT_RETAIN_SELF = YES;
				CLANG_WARN_OBJC_LITERAL_CONVERSION = YES;
				CLANG_WARN_OBJC_ROOT_CLASS = YES_ERROR;
				CLANG_WARN_QUOTED_INCLUDE_IN_FRAMEWORK_HEADER = YES;
				CLANG_WARN_RANGE_LOOP_ANALYSIS = YES;
				CLANG_WARN_STRICT_PROTOTYPES = YES;
				CLANG_WARN_SUSPICIOUS_MOVE = YES;
				CLANG_WARN_UNGUARDED_AVAILABILITY = YES_AGGRESSIVE;
				CLANG_WARN_UNREACHABLE_CODE = YES;
				CLANG_WARN__DUPLICATE_METHOD_MATCH = YES;
				COPY_PHASE_STRIP = NO;
				DEBUG_INFORMATION_FORMAT = dwarf;
				ENABLE_STRICT_OBJC_MSGSEND = YES;
				ENABLE_TESTABILITY = YES;
				ENABLE_USER_SCRIPT_SANDBOXING = YES;
				GCC_C_LANGUAGE_STANDARD = gnu17;
				GCC_DYNAMIC_NO_PIC = NO;
				GCC_NO_COMMON_BLOCKS = YES;
				GCC_OPTIMIZATION_LEVEL = 0;
				GCC_PREPROCESSOR_DEFINITIONS = (
					"DEBUG=1",
					"$(inherited)",
				);
				GCC_WARN_64_TO_32_BIT_CONVERSION = YES;
				GCC_WARN_ABOUT_RETURN_TYPE = YES_ERROR;
				GCC_WARN_UNDECLARED_SELECTOR = YES;
				GCC_WARN_UNINITIALIZED_AUTOS = YES_AGGRESSIVE;
				GCC_WARN_UNUSED_FUNCTION = YES;
				GCC_WARN_UNUSED_VARIABLE = YES;
				IPHONEOS_DEPLOYMENT_TARGET = 17.0;
				LOCALIZATION_PREFERS_STRING_CATALOGS = YES;
				MTL_ENABLE_DEBUG_INFO = INCLUDE_SOURCE;
				MTL_FAST_MATH = YES;
				ONLY_ACTIVE_ARCH = YES;
				SDKROOT = iphoneos;
				SWIFT_ACTIVE_COMPILATION_CONDITIONS = "DEBUG $(inherited)";
				SWIFT_OPTIMIZATION_LEVEL = "-Onone";
			};
			name = Debug;
		};
		52B4BE152B1BECBE002AE4F8 /* Release */ = {
			isa = XCBuildConfiguration;
			buildSettings = {
				ALWAYS_SEARCH_USER_PATHS = NO;
				ASSETCATALOG_COMPILER_GENERATE_SWIFT_ASSET_SYMBOL_EXTENSIONS = YES;
				CLANG_ANALYZER_NONNULL = YES;
				CLANG_ANALYZER_NUMBER_OBJECT_CONVERSION = YES_AGGRESSIVE;
				CLANG_CXX_LANGUAGE_STANDARD = "gnu++20";
				CLANG_ENABLE_MODULES = YES;
				CLANG_ENABLE_OBJC_ARC = YES;
				CLANG_ENABLE_OBJC_WEAK = YES;
				CLANG_WARN_BLOCK_CAPTURE_AUTORELEASING = YES;
				CLANG_WARN_BOOL_CONVERSION = YES;
				CLANG_WARN_COMMA = YES;
				CLANG_WARN_CONSTANT_CONVERSION = YES;
				CLANG_WARN_DEPRECATED_OBJC_IMPLEMENTATIONS = YES;
				CLANG_WARN_DIRECT_OBJC_ISA_USAGE = YES_ERROR;
				CLANG_WARN_DOCUMENTATION_COMMENTS = YES;
				CLANG_WARN_EMPTY_BODY = YES;
				CLANG_WARN_ENUM_CONVERSION = YES;
				CLANG_WARN_INFINITE_RECURSION = YES;
				CLANG_WARN_INT_CONVERSION = YES;
				CLANG_WARN_NON_LITERAL_NULL_CONVERSION = YES;
				CLANG_WARN_OBJC_IMPLICIT_RETAIN_SELF = YES;
				CLANG_WARN_OBJC_LITERAL_CONVERSION = YES;
				CLANG_WARN_OBJC_ROOT_CLASS = YES_ERROR;
				CLANG_WARN_QUOTED_INCLUDE_IN_FRAMEWORK_HEADER = YES;
				CLANG_WARN_RANGE_LOOP_ANALYSIS = YES;
				CLANG_WARN_STRICT_PROTOTYPES = YES;
				CLANG_WARN_SUSPICIOUS_MOVE = YES;
				CLANG_WARN_UNGUARDED_AVAILABILITY = YES_AGGRESSIVE;
				CLANG_WARN_UNREACHABLE_CODE = YES;
				CLANG_WARN__DUPLICATE_METHOD_MATCH = YES;
				COPY_PHASE_STRIP = NO;
				DEBUG_INFORMATION_FORMAT = "dwarf-with-dsym";
				ENABLE_NS_ASSERTIONS = NO;
				ENABLE_STRICT_OBJC_MSGSEND = YES;
				ENABLE_USER_SCRIPT_SANDBOXING = YES;
				GCC_C_LANGUAGE_STANDARD = gnu17;
				GCC_NO_COMMON_BLOCKS = YES;
				GCC_WARN_64_TO_32_BIT_CONVERSION = YES;
				GCC_WARN_ABOUT_RETURN_TYPE = YES_ERROR;
				GCC_WARN_UNDECLARED_SELECTOR = YES;
				GCC_WARN_UNINITIALIZED_AUTOS = YES_AGGRESSIVE;
				GCC_WARN_UNUSED_FUNCTION = YES;
				GCC_WARN_UNUSED_VARIABLE = YES;
				IPHONEOS_DEPLOYMENT_TARGET = 17.0;
				LOCALIZATION_PREFERS_STRING_CATALOGS = YES;
				MTL_ENABLE_DEBUG_INFO = NO;
				MTL_FAST_MATH = YES;
				SDKROOT = iphoneos;
				SWIFT_COMPILATION_MODE = wholemodule;
				VALIDATE_PRODUCT = YES;
			};
			name = Release;
		};
		52B4BE172B1BECBE002AE4F8 /* Debug */ = {
			isa = XCBuildConfiguration;
			buildSettings = {
				ASSETCATALOG_COMPILER_APPICON_NAME = AppIcon;
				ASSETCATALOG_COMPILER_GLOBAL_ACCENT_COLOR_NAME = AccentColor;
				CODE_SIGN_STYLE = Automatic;
				CURRENT_PROJECT_VERSION = 1;
				DEVELOPMENT_TEAM = 5MHQLWW6Y5;
				GENERATE_INFOPLIST_FILE = YES;
				INFOPLIST_FILE = MockExamples/App/Info.plist;
				INFOPLIST_KEY_UIApplicationSupportsIndirectInputEvents = YES;
				INFOPLIST_KEY_UILaunchStoryboardName = LaunchScreen;
				INFOPLIST_KEY_UIMainStoryboardFile = Main;
				INFOPLIST_KEY_UISupportedInterfaceOrientations_iPad = "UIInterfaceOrientationPortrait UIInterfaceOrientationPortraitUpsideDown UIInterfaceOrientationLandscapeLeft UIInterfaceOrientationLandscapeRight";
				INFOPLIST_KEY_UISupportedInterfaceOrientations_iPhone = "UIInterfaceOrientationPortrait UIInterfaceOrientationLandscapeLeft UIInterfaceOrientationLandscapeRight";
				LD_RUNPATH_SEARCH_PATHS = (
					"$(inherited)",
					"@executable_path/Frameworks",
				);
				MARKETING_VERSION = 1.0;
				PRODUCT_BUNDLE_IDENTIFIER = com.JDPaul.MockExamples;
				PRODUCT_NAME = "$(TARGET_NAME)";
				SWIFT_EMIT_LOC_STRINGS = YES;
				SWIFT_VERSION = 5.0;
				TARGETED_DEVICE_FAMILY = "1,2";
			};
			name = Debug;
		};
		52B4BE182B1BECBE002AE4F8 /* Release */ = {
			isa = XCBuildConfiguration;
			buildSettings = {
				ASSETCATALOG_COMPILER_APPICON_NAME = AppIcon;
				ASSETCATALOG_COMPILER_GLOBAL_ACCENT_COLOR_NAME = AccentColor;
				CODE_SIGN_STYLE = Automatic;
				CURRENT_PROJECT_VERSION = 1;
				DEVELOPMENT_TEAM = 5MHQLWW6Y5;
				GENERATE_INFOPLIST_FILE = YES;
				INFOPLIST_FILE = MockExamples/App/Info.plist;
				INFOPLIST_KEY_UIApplicationSupportsIndirectInputEvents = YES;
				INFOPLIST_KEY_UILaunchStoryboardName = LaunchScreen;
				INFOPLIST_KEY_UIMainStoryboardFile = Main;
				INFOPLIST_KEY_UISupportedInterfaceOrientations_iPad = "UIInterfaceOrientationPortrait UIInterfaceOrientationPortraitUpsideDown UIInterfaceOrientationLandscapeLeft UIInterfaceOrientationLandscapeRight";
				INFOPLIST_KEY_UISupportedInterfaceOrientations_iPhone = "UIInterfaceOrientationPortrait UIInterfaceOrientationLandscapeLeft UIInterfaceOrientationLandscapeRight";
				LD_RUNPATH_SEARCH_PATHS = (
					"$(inherited)",
					"@executable_path/Frameworks",
				);
				MARKETING_VERSION = 1.0;
				PRODUCT_BUNDLE_IDENTIFIER = com.JDPaul.MockExamples;
				PRODUCT_NAME = "$(TARGET_NAME)";
				SWIFT_EMIT_LOC_STRINGS = YES;
				SWIFT_VERSION = 5.0;
				TARGETED_DEVICE_FAMILY = "1,2";
			};
			name = Release;
		};
		52B4BE1A2B1BECBE002AE4F8 /* Debug */ = {
			isa = XCBuildConfiguration;
			buildSettings = {
				ALWAYS_EMBED_SWIFT_STANDARD_LIBRARIES = YES;
				BUNDLE_LOADER = "$(TEST_HOST)";
				CODE_SIGN_STYLE = Automatic;
				CURRENT_PROJECT_VERSION = 1;
				DEVELOPMENT_TEAM = 5MHQLWW6Y5;
				GENERATE_INFOPLIST_FILE = YES;
				IPHONEOS_DEPLOYMENT_TARGET = 17.0;
				MARKETING_VERSION = 1.0;
				PRODUCT_BUNDLE_IDENTIFIER = com.JDPaul.MockExamplesTests;
				PRODUCT_NAME = "$(TARGET_NAME)";
				SWIFT_EMIT_LOC_STRINGS = NO;
				SWIFT_VERSION = 5.0;
				TARGETED_DEVICE_FAMILY = "1,2";
				TEST_HOST = "$(BUILT_PRODUCTS_DIR)/MockExamples.app/$(BUNDLE_EXECUTABLE_FOLDER_PATH)/MockExamples";
			};
			name = Debug;
		};
		52B4BE1B2B1BECBE002AE4F8 /* Release */ = {
			isa = XCBuildConfiguration;
			buildSettings = {
				ALWAYS_EMBED_SWIFT_STANDARD_LIBRARIES = YES;
				BUNDLE_LOADER = "$(TEST_HOST)";
				CODE_SIGN_STYLE = Automatic;
				CURRENT_PROJECT_VERSION = 1;
				DEVELOPMENT_TEAM = 5MHQLWW6Y5;
				GENERATE_INFOPLIST_FILE = YES;
				IPHONEOS_DEPLOYMENT_TARGET = 17.0;
				MARKETING_VERSION = 1.0;
				PRODUCT_BUNDLE_IDENTIFIER = com.JDPaul.MockExamplesTests;
				PRODUCT_NAME = "$(TARGET_NAME)";
				SWIFT_EMIT_LOC_STRINGS = NO;
				SWIFT_VERSION = 5.0;
				TARGETED_DEVICE_FAMILY = "1,2";
				TEST_HOST = "$(BUILT_PRODUCTS_DIR)/MockExamples.app/$(BUNDLE_EXECUTABLE_FOLDER_PATH)/MockExamples";
			};
			name = Release;
		};
		52B4BE1D2B1BECBE002AE4F8 /* Debug */ = {
			isa = XCBuildConfiguration;
			buildSettings = {
				ALWAYS_EMBED_SWIFT_STANDARD_LIBRARIES = YES;
				CODE_SIGN_STYLE = Automatic;
				CURRENT_PROJECT_VERSION = 1;
				DEVELOPMENT_TEAM = 5MHQLWW6Y5;
				GENERATE_INFOPLIST_FILE = YES;
				MARKETING_VERSION = 1.0;
				PRODUCT_BUNDLE_IDENTIFIER = com.JDPaul.MockExamplesUITests;
				PRODUCT_NAME = "$(TARGET_NAME)";
				SWIFT_EMIT_LOC_STRINGS = NO;
				SWIFT_VERSION = 5.0;
				TARGETED_DEVICE_FAMILY = "1,2";
				TEST_TARGET_NAME = MockExamples;
			};
			name = Debug;
		};
		52B4BE1E2B1BECBE002AE4F8 /* Release */ = {
			isa = XCBuildConfiguration;
			buildSettings = {
				ALWAYS_EMBED_SWIFT_STANDARD_LIBRARIES = YES;
				CODE_SIGN_STYLE = Automatic;
				CURRENT_PROJECT_VERSION = 1;
				DEVELOPMENT_TEAM = 5MHQLWW6Y5;
				GENERATE_INFOPLIST_FILE = YES;
				MARKETING_VERSION = 1.0;
				PRODUCT_BUNDLE_IDENTIFIER = com.JDPaul.MockExamplesUITests;
				PRODUCT_NAME = "$(TARGET_NAME)";
				SWIFT_EMIT_LOC_STRINGS = NO;
				SWIFT_VERSION = 5.0;
				TARGETED_DEVICE_FAMILY = "1,2";
				TEST_TARGET_NAME = MockExamples;
			};
			name = Release;
		};
/* End XCBuildConfiguration section */

/* Begin XCConfigurationList section */
		52B4BDE72B1BECBD002AE4F8 /* Build configuration list for PBXProject "MockExamples" */ = {
			isa = XCConfigurationList;
			buildConfigurations = (
				52B4BE142B1BECBE002AE4F8 /* Debug */,
				52B4BE152B1BECBE002AE4F8 /* Release */,
			);
			defaultConfigurationIsVisible = 0;
			defaultConfigurationName = Release;
		};
		52B4BE162B1BECBE002AE4F8 /* Build configuration list for PBXNativeTarget "MockExamples" */ = {
			isa = XCConfigurationList;
			buildConfigurations = (
				52B4BE172B1BECBE002AE4F8 /* Debug */,
				52B4BE182B1BECBE002AE4F8 /* Release */,
			);
			defaultConfigurationIsVisible = 0;
			defaultConfigurationName = Release;
		};
		52B4BE192B1BECBE002AE4F8 /* Build configuration list for PBXNativeTarget "MockExamplesTests" */ = {
			isa = XCConfigurationList;
			buildConfigurations = (
				52B4BE1A2B1BECBE002AE4F8 /* Debug */,
				52B4BE1B2B1BECBE002AE4F8 /* Release */,
			);
			defaultConfigurationIsVisible = 0;
			defaultConfigurationName = Release;
		};
		52B4BE1C2B1BECBE002AE4F8 /* Build configuration list for PBXNativeTarget "MockExamplesUITests" */ = {
			isa = XCConfigurationList;
			buildConfigurations = (
				52B4BE1D2B1BECBE002AE4F8 /* Debug */,
				52B4BE1E2B1BECBE002AE4F8 /* Release */,
			);
			defaultConfigurationIsVisible = 0;
			defaultConfigurationName = Release;
		};
/* End XCConfigurationList section */
	};
	rootObject = 52B4BDE42B1BECBD002AE4F8 /* Project object */;
}
